
Microsoft Visual Studio Solution File, Format Version 12.00
# Visual Studio 15
VisualStudioVersion = 15.0.28307.1340
MinimumVisualStudioVersion = 10.0.40219.1
Project("{00D1A9C2-B5F0-4AF3-8072-F6C62B433612}") = "DWTest", "DWTest\DWTest.sqlproj", "{D83C6FFC-9471-4857-AA0E-7E6FEC4C8B97}"
EndProject
Global
	GlobalSection(SolutionConfigurationPlatforms) = preSolution
		Debug|Any CPU = Debug|Any CPU
		Release|Any CPU = Release|Any CPU
	EndGlobalSection
	GlobalSection(ProjectConfigurationPlatforms) = postSolution
		{D83C6FFC-9471-4857-AA0E-7E6FEC4C8B97}.Debug|Any CPU.ActiveCfg = Debug|Any CPU
		{D83C6FFC-9471-4857-AA0E-7E6FEC4C8B97}.Debug|Any CPU.Build.0 = Debug|Any CPU
		{D83C6FFC-9471-4857-AA0E-7E6FEC4C8B97}.Debug|Any CPU.Deploy.0 = Debug|Any CPU
		{D83C6FFC-9471-4857-AA0E-7E6FEC4C8B97}.Release|Any CPU.ActiveCfg = Release|Any CPU
		{D83C6FFC-9471-4857-AA0E-7E6FEC4C8B97}.Release|Any CPU.Build.0 = Release|Any CPU
		{D83C6FFC-9471-4857-AA0E-7E6FEC4C8B97}.Release|Any CPU.Deploy.0 = Release|Any CPU
	EndGlobalSection
	GlobalSection(SolutionProperties) = preSolution
		HideSolutionNode = FALSE
	EndGlobalSection
	GlobalSection(ExtensibilityGlobals) = postSolution
		SolutionGuid = {0F4714CD-37BA-4B72-9430-61547F012980}
	EndGlobalSection
EndGlobal
